// !$*UTF8*$!
{
	archiveVersion = 1;
	classes = {
	};
	objectVersion = 46;
	objects = {

/* Begin PBXBuildFile section */
		67890E2F15AD114000B6927D /* UIKit.framework in Frameworks */ = {isa = PBXBuildFile; fileRef = 67890E2E15AD114000B6927D /* UIKit.framework */; };
		67890E3115AD114000B6927D /* Foundation.framework in Frameworks */ = {isa = PBXBuildFile; fileRef = 67890E3015AD114000B6927D /* Foundation.framework */; };
		67890E3315AD114000B6927D /* CoreGraphics.framework in Frameworks */ = {isa = PBXBuildFile; fileRef = 67890E3215AD114000B6927D /* CoreGraphics.framework */; };
		67890E3915AD114000B6927D /* InfoPlist.strings in Resources */ = {isa = PBXBuildFile; fileRef = 67890E3715AD114000B6927D /* InfoPlist.strings */; };
		67890E3B15AD114000B6927D /* main.m in Sources */ = {isa = PBXBuildFile; fileRef = 67890E3A15AD114000B6927D /* main.m */; };
		67890E3F15AD114000B6927D /* JCAppDelegate.m in Sources */ = {isa = PBXBuildFile; fileRef = 67890E3E15AD114000B6927D /* JCAppDelegate.m */; };
		67890E4215AD114000B6927D /* MainStoryboard.storyboard in Resources */ = {isa = PBXBuildFile; fileRef = 67890E4015AD114000B6927D /* MainStoryboard.storyboard */; };
		67890E4515AD114000B6927D /* JCViewController.m in Sources */ = {isa = PBXBuildFile; fileRef = 67890E4415AD114000B6927D /* JCViewController.m */; };
		67890E4D15AD114100B6927D /* SenTestingKit.framework in Frameworks */ = {isa = PBXBuildFile; fileRef = 67890E4C15AD114100B6927D /* SenTestingKit.framework */; };
		67890E4E15AD114100B6927D /* UIKit.framework in Frameworks */ = {isa = PBXBuildFile; fileRef = 67890E2E15AD114000B6927D /* UIKit.framework */; };
		67890E4F15AD114100B6927D /* Foundation.framework in Frameworks */ = {isa = PBXBuildFile; fileRef = 67890E3015AD114000B6927D /* Foundation.framework */; };
		67890E5715AD114100B6927D /* InfoPlist.strings in Resources */ = {isa = PBXBuildFile; fileRef = 67890E5515AD114100B6927D /* InfoPlist.strings */; };
		67890E5A15AD114100B6927D /* JCWindowShadeTests.m in Sources */ = {isa = PBXBuildFile; fileRef = 67890E5915AD114100B6927D /* JCWindowShadeTests.m */; };
		67890E6515AD117600B6927D /* JCRevealShadeViewSegue.m in Sources */ = {isa = PBXBuildFile; fileRef = 67890E6415AD117600B6927D /* JCRevealShadeViewSegue.m */; };
		67890E6815AD118A00B6927D /* JCShadeViewController.m in Sources */ = {isa = PBXBuildFile; fileRef = 67890E6715AD118A00B6927D /* JCShadeViewController.m */; };
/* End PBXBuildFile section */

/* Begin PBXContainerItemProxy section */
		67890E5015AD114100B6927D /* PBXContainerItemProxy */ = {
			isa = PBXContainerItemProxy;
			containerPortal = 67890E2115AD114000B6927D /* Project object */;
			proxyType = 1;
			remoteGlobalIDString = 67890E2915AD114000B6927D;
			remoteInfo = JCWindowShade;
		};
/* End PBXContainerItemProxy section */

/* Begin PBXFileReference section */
		67890E2A15AD114000B6927D /* JCWindowShade.app */ = {isa = PBXFileReference; explicitFileType = wrapper.application; includeInIndex = 0; path = JCWindowShade.app; sourceTree = BUILT_PRODUCTS_DIR; };
		67890E2E15AD114000B6927D /* UIKit.framework */ = {isa = PBXFileReference; lastKnownFileType = wrapper.framework; name = UIKit.framework; path = System/Library/Frameworks/UIKit.framework; sourceTree = SDKROOT; };
		67890E3015AD114000B6927D /* Foundation.framework */ = {isa = PBXFileReference; lastKnownFileType = wrapper.framework; name = Foundation.framework; path = System/Library/Frameworks/Foundation.framework; sourceTree = SDKROOT; };
		67890E3215AD114000B6927D /* CoreGraphics.framework */ = {isa = PBXFileReference; lastKnownFileType = wrapper.framework; name = CoreGraphics.framework; path = System/Library/Frameworks/CoreGraphics.framework; sourceTree = SDKROOT; };
		67890E3615AD114000B6927D /* JCWindowShade-Info.plist */ = {isa = PBXFileReference; lastKnownFileType = text.plist.xml; path = "JCWindowShade-Info.plist"; sourceTree = "<group>"; };
		67890E3815AD114000B6927D /* en */ = {isa = PBXFileReference; lastKnownFileType = text.plist.strings; name = en; path = en.lproj/InfoPlist.strings; sourceTree = "<group>"; };
		67890E3A15AD114000B6927D /* main.m */ = {isa = PBXFileReference; lastKnownFileType = sourcecode.c.objc; path = main.m; sourceTree = "<group>"; };
		67890E3C15AD114000B6927D /* JCWindowShade-Prefix.pch */ = {isa = PBXFileReference; lastKnownFileType = sourcecode.c.h; path = "JCWindowShade-Prefix.pch"; sourceTree = "<group>"; };
		67890E3D15AD114000B6927D /* JCAppDelegate.h */ = {isa = PBXFileReference; lastKnownFileType = sourcecode.c.h; path = JCAppDelegate.h; sourceTree = "<group>"; };
		67890E3E15AD114000B6927D /* JCAppDelegate.m */ = {isa = PBXFileReference; lastKnownFileType = sourcecode.c.objc; path = JCAppDelegate.m; sourceTree = "<group>"; };
		67890E4115AD114000B6927D /* en */ = {isa = PBXFileReference; lastKnownFileType = file.storyboard; name = en; path = en.lproj/MainStoryboard.storyboard; sourceTree = "<group>"; };
		67890E4315AD114000B6927D /* JCViewController.h */ = {isa = PBXFileReference; lastKnownFileType = sourcecode.c.h; path = JCViewController.h; sourceTree = "<group>"; };
		67890E4415AD114000B6927D /* JCViewController.m */ = {isa = PBXFileReference; lastKnownFileType = sourcecode.c.objc; path = JCViewController.m; sourceTree = "<group>"; };
		67890E4B15AD114100B6927D /* JCWindowShadeTests.octest */ = {isa = PBXFileReference; explicitFileType = wrapper.cfbundle; includeInIndex = 0; path = JCWindowShadeTests.octest; sourceTree = BUILT_PRODUCTS_DIR; };
		67890E4C15AD114100B6927D /* SenTestingKit.framework */ = {isa = PBXFileReference; lastKnownFileType = wrapper.framework; name = SenTestingKit.framework; path = Library/Frameworks/SenTestingKit.framework; sourceTree = DEVELOPER_DIR; };
		67890E5415AD114100B6927D /* JCWindowShadeTests-Info.plist */ = {isa = PBXFileReference; lastKnownFileType = text.plist.xml; path = "JCWindowShadeTests-Info.plist"; sourceTree = "<group>"; };
		67890E5615AD114100B6927D /* en */ = {isa = PBXFileReference; lastKnownFileType = text.plist.strings; name = en; path = en.lproj/InfoPlist.strings; sourceTree = "<group>"; };
		67890E5815AD114100B6927D /* JCWindowShadeTests.h */ = {isa = PBXFileReference; lastKnownFileType = sourcecode.c.h; path = JCWindowShadeTests.h; sourceTree = "<group>"; };
		67890E5915AD114100B6927D /* JCWindowShadeTests.m */ = {isa = PBXFileReference; lastKnownFileType = sourcecode.c.objc; path = JCWindowShadeTests.m; sourceTree = "<group>"; };
		67890E6315AD117600B6927D /* JCRevealShadeViewSegue.h */ = {isa = PBXFileReference; fileEncoding = 4; lastKnownFileType = sourcecode.c.h; path = JCRevealShadeViewSegue.h; sourceTree = "<group>"; };
		67890E6415AD117600B6927D /* JCRevealShadeViewSegue.m */ = {isa = PBXFileReference; fileEncoding = 4; lastKnownFileType = sourcecode.c.objc; path = JCRevealShadeViewSegue.m; sourceTree = "<group>"; };
		67890E6615AD118A00B6927D /* JCShadeViewController.h */ = {isa = PBXFileReference; fileEncoding = 4; lastKnownFileType = sourcecode.c.h; path = JCShadeViewController.h; sourceTree = "<group>"; };
		67890E6715AD118A00B6927D /* JCShadeViewController.m */ = {isa = PBXFileReference; fileEncoding = 4; lastKnownFileType = sourcecode.c.objc; path = JCShadeViewController.m; sourceTree = "<group>"; };
/* End PBXFileReference section */

/* Begin PBXFrameworksBuildPhase section */
		67890E2715AD114000B6927D /* Frameworks */ = {
			isa = PBXFrameworksBuildPhase;
			buildActionMask = 2147483647;
			files = (
				67890E2F15AD114000B6927D /* UIKit.framework in Frameworks */,
				67890E3115AD114000B6927D /* Foundation.framework in Frameworks */,
				67890E3315AD114000B6927D /* CoreGraphics.framework in Frameworks */,
			);
			runOnlyForDeploymentPostprocessing = 0;
		};
		67890E4715AD114100B6927D /* Frameworks */ = {
			isa = PBXFrameworksBuildPhase;
			buildActionMask = 2147483647;
			files = (
				67890E4D15AD114100B6927D /* SenTestingKit.framework in Frameworks */,
				67890E4E15AD114100B6927D /* UIKit.framework in Frameworks */,
				67890E4F15AD114100B6927D /* Foundation.framework in Frameworks */,
			);
			runOnlyForDeploymentPostprocessing = 0;
		};
/* End PBXFrameworksBuildPhase section */

/* Begin PBXGroup section */
		67890E1F15AD114000B6927D = {
			isa = PBXGroup;
			children = (
				67890E3415AD114000B6927D /* JCWindowShade */,
				67890E5215AD114100B6927D /* JCWindowShadeTests */,
				67890E2D15AD114000B6927D /* Frameworks */,
				67890E2B15AD114000B6927D /* Products */,
			);
			sourceTree = "<group>";
		};
		67890E2B15AD114000B6927D /* Products */ = {
			isa = PBXGroup;
			children = (
				67890E2A15AD114000B6927D /* JCWindowShade.app */,
				67890E4B15AD114100B6927D /* JCWindowShadeTests.octest */,
			);
			name = Products;
			sourceTree = "<group>";
		};
		67890E2D15AD114000B6927D /* Frameworks */ = {
			isa = PBXGroup;
			children = (
				67890E2E15AD114000B6927D /* UIKit.framework */,
				67890E3015AD114000B6927D /* Foundation.framework */,
				67890E3215AD114000B6927D /* CoreGraphics.framework */,
				67890E4C15AD114100B6927D /* SenTestingKit.framework */,
			);
			name = Frameworks;
			sourceTree = "<group>";
		};
		67890E3415AD114000B6927D /* JCWindowShade */ = {
			isa = PBXGroup;
			children = (
				67890E3D15AD114000B6927D /* JCAppDelegate.h */,
				67890E3E15AD114000B6927D /* JCAppDelegate.m */,
				67890E4015AD114000B6927D /* MainStoryboard.storyboard */,
				67890E4315AD114000B6927D /* JCViewController.h */,
				67890E4415AD114000B6927D /* JCViewController.m */,
				67890E6315AD117600B6927D /* JCRevealShadeViewSegue.h */,
				67890E6415AD117600B6927D /* JCRevealShadeViewSegue.m */,
				67890E6615AD118A00B6927D /* JCShadeViewController.h */,
				67890E6715AD118A00B6927D /* JCShadeViewController.m */,
				67890E3515AD114000B6927D /* Supporting Files */,
			);
			path = JCWindowShade;
			sourceTree = "<group>";
		};
		67890E3515AD114000B6927D /* Supporting Files */ = {
			isa = PBXGroup;
			children = (
				67890E3615AD114000B6927D /* JCWindowShade-Info.plist */,
				67890E3715AD114000B6927D /* InfoPlist.strings */,
				67890E3A15AD114000B6927D /* main.m */,
				67890E3C15AD114000B6927D /* JCWindowShade-Prefix.pch */,
			);
			name = "Supporting Files";
			sourceTree = "<group>";
		};
		67890E5215AD114100B6927D /* JCWindowShadeTests */ = {
			isa = PBXGroup;
			children = (
				67890E5815AD114100B6927D /* JCWindowShadeTests.h */,
				67890E5915AD114100B6927D /* JCWindowShadeTests.m */,
				67890E5315AD114100B6927D /* Supporting Files */,
			);
			path = JCWindowShadeTests;
			sourceTree = "<group>";
		};
		67890E5315AD114100B6927D /* Supporting Files */ = {
			isa = PBXGroup;
			children = (
				67890E5415AD114100B6927D /* JCWindowShadeTests-Info.plist */,
				67890E5515AD114100B6927D /* InfoPlist.strings */,
			);
			name = "Supporting Files";
			sourceTree = "<group>";
		};
/* End PBXGroup section */

/* Begin PBXNativeTarget section */
		67890E2915AD114000B6927D /* JCWindowShade */ = {
			isa = PBXNativeTarget;
			buildConfigurationList = 67890E5D15AD114100B6927D /* Build configuration list for PBXNativeTarget "JCWindowShade" */;
			buildPhases = (
				67890E2615AD114000B6927D /* Sources */,
				67890E2715AD114000B6927D /* Frameworks */,
				67890E2815AD114000B6927D /* Resources */,
			);
			buildRules = (
			);
			dependencies = (
			);
			name = JCWindowShade;
			productName = JCWindowShade;
			productReference = 67890E2A15AD114000B6927D /* JCWindowShade.app */;
			productType = "com.apple.product-type.application";
		};
		67890E4A15AD114100B6927D /* JCWindowShadeTests */ = {
			isa = PBXNativeTarget;
			buildConfigurationList = 67890E6015AD114100B6927D /* Build configuration list for PBXNativeTarget "JCWindowShadeTests" */;
			buildPhases = (
				67890E4615AD114100B6927D /* Sources */,
				67890E4715AD114100B6927D /* Frameworks */,
				67890E4815AD114100B6927D /* Resources */,
				67890E4915AD114100B6927D /* ShellScript */,
			);
			buildRules = (
			);
			dependencies = (
				67890E5115AD114100B6927D /* PBXTargetDependency */,
			);
			name = JCWindowShadeTests;
			productName = JCWindowShadeTests;
			productReference = 67890E4B15AD114100B6927D /* JCWindowShadeTests.octest */;
			productType = "com.apple.product-type.bundle";
		};
/* End PBXNativeTarget section */

/* Begin PBXProject section */
		67890E2115AD114000B6927D /* Project object */ = {
			isa = PBXProject;
			attributes = {
				CLASSPREFIX = JC;
				LastUpgradeCheck = 0430;
			};
			buildConfigurationList = 67890E2415AD114000B6927D /* Build configuration list for PBXProject "JCWindowShade" */;
			compatibilityVersion = "Xcode 3.2";
			developmentRegion = English;
			hasScannedForEncodings = 0;
			knownRegions = (
				en,
			);
			mainGroup = 67890E1F15AD114000B6927D;
			productRefGroup = 67890E2B15AD114000B6927D /* Products */;
			projectDirPath = "";
			projectRoot = "";
			targets = (
				67890E2915AD114000B6927D /* JCWindowShade */,
				67890E4A15AD114100B6927D /* JCWindowShadeTests */,
			);
		};
/* End PBXProject section */

/* Begin PBXResourcesBuildPhase section */
		67890E2815AD114000B6927D /* Resources */ = {
			isa = PBXResourcesBuildPhase;
			buildActionMask = 2147483647;
			files = (
				67890E3915AD114000B6927D /* InfoPlist.strings in Resources */,
				67890E4215AD114000B6927D /* MainStoryboard.storyboard in Resources */,
			);
			runOnlyForDeploymentPostprocessing = 0;
		};
		67890E4815AD114100B6927D /* Resources */ = {
			isa = PBXResourcesBuildPhase;
			buildActionMask = 2147483647;
			files = (
				67890E5715AD114100B6927D /* InfoPlist.strings in Resources */,
			);
			runOnlyForDeploymentPostprocessing = 0;
		};
/* End PBXResourcesBuildPhase section */

/* Begin PBXShellScriptBuildPhase section */
		67890E4915AD114100B6927D /* ShellScript */ = {
			isa = PBXShellScriptBuildPhase;
			buildActionMask = 2147483647;
			files = (
			);
			inputPaths = (
			);
			outputPaths = (
			);
			runOnlyForDeploymentPostprocessing = 0;
			shellPath = /bin/sh;
			shellScript = "# Run the unit tests in this test bundle.\n\"${SYSTEM_DEVELOPER_DIR}/Tools/RunUnitTests\"\n";
		};
/* End PBXShellScriptBuildPhase section */

/* Begin PBXSourcesBuildPhase section */
		67890E2615AD114000B6927D /* Sources */ = {
			isa = PBXSourcesBuildPhase;
			buildActionMask = 2147483647;
			files = (
				67890E3B15AD114000B6927D /* main.m in Sources */,
				67890E3F15AD114000B6927D /* JCAppDelegate.m in Sources */,
				67890E4515AD114000B6927D /* JCViewController.m in Sources */,
				67890E6515AD117600B6927D /* JCRevealShadeViewSegue.m in Sources */,
				67890E6815AD118A00B6927D /* JCShadeViewController.m in Sources */,
			);
			runOnlyForDeploymentPostprocessing = 0;
		};
		67890E4615AD114100B6927D /* Sources */ = {
			isa = PBXSourcesBuildPhase;
			buildActionMask = 2147483647;
			files = (
				67890E5A15AD114100B6927D /* JCWindowShadeTests.m in Sources */,
			);
			runOnlyForDeploymentPostprocessing = 0;
		};
/* End PBXSourcesBuildPhase section */

/* Begin PBXTargetDependency section */
		67890E5115AD114100B6927D /* PBXTargetDependency */ = {
			isa = PBXTargetDependency;
			target = 67890E2915AD114000B6927D /* JCWindowShade */;
			targetProxy = 67890E5015AD114100B6927D /* PBXContainerItemProxy */;
		};
/* End PBXTargetDependency section */

/* Begin PBXVariantGroup section */
		67890E3715AD114000B6927D /* InfoPlist.strings */ = {
			isa = PBXVariantGroup;
			children = (
				67890E3815AD114000B6927D /* en */,
			);
			name = InfoPlist.strings;
			sourceTree = "<group>";
		};
		67890E4015AD114000B6927D /* MainStoryboard.storyboard */ = {
			isa = PBXVariantGroup;
			children = (
				67890E4115AD114000B6927D /* en */,
			);
			name = MainStoryboard.storyboard;
			sourceTree = "<group>";
		};
		67890E5515AD114100B6927D /* InfoPlist.strings */ = {
			isa = PBXVariantGroup;
			children = (
				67890E5615AD114100B6927D /* en */,
			);
			name = InfoPlist.strings;
			sourceTree = "<group>";
		};
/* End PBXVariantGroup section */

/* Begin XCBuildConfiguration section */
		67890E5B15AD114100B6927D /* Debug */ = {
			isa = XCBuildConfiguration;
			buildSettings = {
				ALWAYS_SEARCH_USER_PATHS = NO;
				ARCHS = "$(ARCHS_STANDARD_32_BIT)";
				CLANG_ENABLE_OBJC_ARC = YES;
				"CODE_SIGN_IDENTITY[sdk=iphoneos*]" = "iPhone Developer";
				COPY_PHASE_STRIP = NO;
				GCC_C_LANGUAGE_STANDARD = gnu99;
				GCC_DYNAMIC_NO_PIC = NO;
				GCC_OPTIMIZATION_LEVEL = 0;
				GCC_PREPROCESSOR_DEFINITIONS = (
					"DEBUG=1",
					"$(inherited)",
				);
				GCC_SYMBOLS_PRIVATE_EXTERN = NO;
				GCC_VERSION = com.apple.compilers.llvm.clang.1_0;
				GCC_WARN_ABOUT_RETURN_TYPE = YES;
				GCC_WARN_UNINITIALIZED_AUTOS = YES;
				GCC_WARN_UNUSED_VARIABLE = YES;
				IPHONEOS_DEPLOYMENT_TARGET = 5.1;
				SDKROOT = iphoneos;
			};
			name = Debug;
		};
		67890E5C15AD114100B6927D /* Release */ = {
			isa = XCBuildConfiguration;
			buildSettings = {
				ALWAYS_SEARCH_USER_PATHS = NO;
				ARCHS = "$(ARCHS_STANDARD_32_BIT)";
				CLANG_ENABLE_OBJC_ARC = YES;
				"CODE_SIGN_IDENTITY[sdk=iphoneos*]" = "iPhone Developer";
				COPY_PHASE_STRIP = YES;
				GCC_C_LANGUAGE_STANDARD = gnu99;
				GCC_VERSION = com.apple.compilers.llvm.clang.1_0;
				GCC_WARN_ABOUT_RETURN_TYPE = YES;
				GCC_WARN_UNINITIALIZED_AUTOS = YES;
				GCC_WARN_UNUSED_VARIABLE = YES;
				IPHONEOS_DEPLOYMENT_TARGET = 5.1;
				OTHER_CFLAGS = "-DNS_BLOCK_ASSERTIONS=1";
				SDKROOT = iphoneos;
				VALIDATE_PRODUCT = YES;
			};
			name = Release;
		};
		67890E5E15AD114100B6927D /* Debug */ = {
			isa = XCBuildConfiguration;
			buildSettings = {
				GCC_PRECOMPILE_PREFIX_HEADER = YES;
				GCC_PREFIX_HEADER = "JCWindowShade/JCWindowShade-Prefix.pch";
				INFOPLIST_FILE = "JCWindowShade/JCWindowShade-Info.plist";
				PRODUCT_NAME = "$(TARGET_NAME)";
				WRAPPER_EXTENSION = app;
			};
			name = Debug;
		};
		67890E5F15AD114100B6927D /* Release */ = {
			isa = XCBuildConfiguration;
			buildSettings = {
				GCC_PRECOMPILE_PREFIX_HEADER = YES;
				GCC_PREFIX_HEADER = "JCWindowShade/JCWindowShade-Prefix.pch";
				INFOPLIST_FILE = "JCWindowShade/JCWindowShade-Info.plist";
				PRODUCT_NAME = "$(TARGET_NAME)";
				WRAPPER_EXTENSION = app;
			};
			name = Release;
		};
		67890E6115AD114100B6927D /* Debug */ = {
			isa = XCBuildConfiguration;
			buildSettings = {
				BUNDLE_LOADER = "$(BUILT_PRODUCTS_DIR)/JCWindowShade.app/JCWindowShade";
				FRAMEWORK_SEARCH_PATHS = (
					"$(SDKROOT)/Developer/Library/Frameworks",
					"$(DEVELOPER_LIBRARY_DIR)/Frameworks",
				);
				GCC_PRECOMPILE_PREFIX_HEADER = YES;
				GCC_PREFIX_HEADER = "JCWindowShade/JCWindowShade-Prefix.pch";
				INFOPLIST_FILE = "JCWindowShadeTests/JCWindowShadeTests-Info.plist";
				PRODUCT_NAME = "$(TARGET_NAME)";
				TEST_HOST = "$(BUNDLE_LOADER)";
				WRAPPER_EXTENSION = octest;
			};
			name = Debug;
		};
		67890E6215AD114100B6927D /* Release */ = {
			isa = XCBuildConfiguration;
			buildSettings = {
				BUNDLE_LOADER = "$(BUILT_PRODUCTS_DIR)/JCWindowShade.app/JCWindowShade";
				FRAMEWORK_SEARCH_PATHS = (
					"$(SDKROOT)/Developer/Library/Frameworks",
					"$(DEVELOPER_LIBRARY_DIR)/Frameworks",
				);
				GCC_PRECOMPILE_PREFIX_HEADER = YES;
				GCC_PREFIX_HEADER = "JCWindowShade/JCWindowShade-Prefix.pch";
				INFOPLIST_FILE = "JCWindowShadeTests/JCWindowShadeTests-Info.plist";
				PRODUCT_NAME = "$(TARGET_NAME)";
				TEST_HOST = "$(BUNDLE_LOADER)";
				WRAPPER_EXTENSION = octest;
			};
			name = Release;
		};
/* End XCBuildConfiguration section */

/* Begin XCConfigurationList section */
		67890E2415AD114000B6927D /* Build configuration list for PBXProject "JCWindowShade" */ = {
			isa = XCConfigurationList;
			buildConfigurations = (
				67890E5B15AD114100B6927D /* Debug */,
				67890E5C15AD114100B6927D /* Release */,
			);
			defaultConfigurationIsVisible = 0;
			defaultConfigurationName = Release;
		};
		67890E5D15AD114100B6927D /* Build configuration list for PBXNativeTarget "JCWindowShade" */ = {
			isa = XCConfigurationList;
			buildConfigurations = (
				67890E5E15AD114100B6927D /* Debug */,
				67890E5F15AD114100B6927D /* Release */,
			);
			defaultConfigurationIsVisible = 0;
		};
		67890E6015AD114100B6927D /* Build configuration list for PBXNativeTarget "JCWindowShadeTests" */ = {
			isa = XCConfigurationList;
			buildConfigurations = (
				67890E6115AD114100B6927D /* Debug */,
				67890E6215AD114100B6927D /* Release */,
			);
			defaultConfigurationIsVisible = 0;
		};
/* End XCConfigurationList section */
	};
	rootObject = 67890E2115AD114000B6927D /* Project object */;
}
